
Microsoft Visual Studio Solution File, Format Version 12.00
# Visual Studio Version 17
VisualStudioVersion = 17.6.33712.159
MinimumVisualStudioVersion = 10.0.40219.1
Project("{FAE04EC0-301F-11D3-BF4B-00C04F79EFBC}") = "asp-net-react-app", "asp-net-react-app\asp-net-react-app.csproj", "{FD21914E-510A-44F2-A594-C2ABC22F6204}"
EndProject
Global
	GlobalSection(SolutionConfigurationPlatforms) = preSolution
		Debug|Any CPU = Debug|Any CPU
		Release|Any CPU = Release|Any CPU
	EndGlobalSection
	GlobalSection(ProjectConfigurationPlatforms) = postSolution
		{FD21914E-510A-44F2-A594-C2ABC22F6204}.Debug|Any CPU.ActiveCfg = Debug|Any CPU
		{FD21914E-510A-44F2-A594-C2ABC22F6204}.Debug|Any CPU.Build.0 = Debug|Any CPU
		{FD21914E-510A-44F2-A594-C2ABC22F6204}.Release|Any CPU.ActiveCfg = Release|Any CPU
		{FD21914E-510A-44F2-A594-C2ABC22F6204}.Release|Any CPU.Build.0 = Release|Any CPU
	EndGlobalSection
	GlobalSection(SolutionProperties) = preSolution
		HideSolutionNode = FALSE
	EndGlobalSection
	GlobalSection(ExtensibilityGlobals) = postSolution
		SolutionGuid = {C3B3B580-CF8D-4315-96A5-11523BF86F15}
	EndGlobalSection
EndGlobal
